
Microsoft Visual Studio Solution File, Format Version 12.00
# Visual Studio Version 16
VisualStudioVersion = 16.0.31729.503
MinimumVisualStudioVersion = 10.0.40219.1
Project("{9092AA53-FB77-4645-B42D-1CCCA6BD08BD}") = "test_node_server", "test_node_server\test_node_server.njsproj", "{AD2BBDBB-FC52-4853-81E8-2E8AC825EA41}"
EndProject
Global
	GlobalSection(SolutionConfigurationPlatforms) = preSolution
		Debug|Any CPU = Debug|Any CPU
		Release|Any CPU = Release|Any CPU
	EndGlobalSection
	GlobalSection(ProjectConfigurationPlatforms) = postSolution
		{AD2BBDBB-FC52-4853-81E8-2E8AC825EA41}.Debug|Any CPU.ActiveCfg = Debug|Any CPU
		{AD2BBDBB-FC52-4853-81E8-2E8AC825EA41}.Debug|Any CPU.Build.0 = Debug|Any CPU
		{AD2BBDBB-FC52-4853-81E8-2E8AC825EA41}.Release|Any CPU.ActiveCfg = Release|Any CPU
		{AD2BBDBB-FC52-4853-81E8-2E8AC825EA41}.Release|Any CPU.Build.0 = Release|Any CPU
	EndGlobalSection
	GlobalSection(SolutionProperties) = preSolution
		HideSolutionNode = FALSE
	EndGlobalSection
	GlobalSection(ExtensibilityGlobals) = postSolution
		SolutionGuid = {5E070212-8831-4DAB-9B3D-9D291FFC9E36}
	EndGlobalSection
EndGlobal
